// !$*UTF8*$!
{
	archiveVersion = 1;
	classes = {
	};
	objectVersion = 55;
	objects = {

/* Begin PBXBuildFile section */
		0467B63D29FA316D009D729A /* IOSGotadiSDK in Frameworks */ = {isa = PBXBuildFile; productRef = 0467B63C29FA316D009D729A /* IOSGotadiSDK */; };
		046EF53629F539A8009F6352 /* PaymentViewController.swift in Sources */ = {isa = PBXBuildFile; fileRef = 046EF53529F539A8009F6352 /* PaymentViewController.swift */; };
		04DB4CED29AC6B4900EF30B8 /* AppDelegate.swift in Sources */ = {isa = PBXBuildFile; fileRef = 04DB4CEC29AC6B4900EF30B8 /* AppDelegate.swift */; };
		04DB4CEF29AC6B4900EF30B8 /* SceneDelegate.swift in Sources */ = {isa = PBXBuildFile; fileRef = 04DB4CEE29AC6B4900EF30B8 /* SceneDelegate.swift */; };
		04DB4CF129AC6B4900EF30B8 /* ViewController.swift in Sources */ = {isa = PBXBuildFile; fileRef = 04DB4CF029AC6B4900EF30B8 /* ViewController.swift */; };
		04DB4CF429AC6B4900EF30B8 /* Main.storyboard in Resources */ = {isa = PBXBuildFile; fileRef = 04DB4CF229AC6B4900EF30B8 /* Main.storyboard */; };
		04DB4CF629AC6B4A00EF30B8 /* Assets.xcassets in Resources */ = {isa = PBXBuildFile; fileRef = 04DB4CF529AC6B4A00EF30B8 /* Assets.xcassets */; };
		04DB4CF929AC6B4A00EF30B8 /* LaunchScreen.storyboard in Resources */ = {isa = PBXBuildFile; fileRef = 04DB4CF729AC6B4A00EF30B8 /* LaunchScreen.storyboard */; };
/* End PBXBuildFile section */

/* Begin PBXFileReference section */
		041AB3E229ADB8F40033F421 /* gtd-ios-adapter */ = {isa = PBXFileReference; lastKnownFileType = wrapper; name = "gtd-ios-adapter"; path = "../../../gtd-flutter-adapter/gtd-ios-adapter"; sourceTree = "<group>"; };
		046EF53529F539A8009F6352 /* PaymentViewController.swift */ = {isa = PBXFileReference; lastKnownFileType = sourcecode.swift; path = PaymentViewController.swift; sourceTree = "<group>"; };
		04DB4CE929AC6B4900EF30B8 /* TestPacakgeGit.app */ = {isa = PBXFileReference; explicitFileType = wrapper.application; includeInIndex = 0; path = TestPacakgeGit.app; sourceTree = BUILT_PRODUCTS_DIR; };
		04DB4CEC29AC6B4900EF30B8 /* AppDelegate.swift */ = {isa = PBXFileReference; lastKnownFileType = sourcecode.swift; path = AppDelegate.swift; sourceTree = "<group>"; };
		04DB4CEE29AC6B4900EF30B8 /* SceneDelegate.swift */ = {isa = PBXFileReference; lastKnownFileType = sourcecode.swift; path = SceneDelegate.swift; sourceTree = "<group>"; };
		04DB4CF029AC6B4900EF30B8 /* ViewController.swift */ = {isa = PBXFileReference; lastKnownFileType = sourcecode.swift; path = ViewController.swift; sourceTree = "<group>"; };
		04DB4CF329AC6B4900EF30B8 /* Base */ = {isa = PBXFileReference; lastKnownFileType = file.storyboard; name = Base; path = Base.lproj/Main.storyboard; sourceTree = "<group>"; };
		04DB4CF529AC6B4A00EF30B8 /* Assets.xcassets */ = {isa = PBXFileReference; lastKnownFileType = folder.assetcatalog; path = Assets.xcassets; sourceTree = "<group>"; };
		04DB4CF829AC6B4A00EF30B8 /* Base */ = {isa = PBXFileReference; lastKnownFileType = file.storyboard; name = Base; path = Base.lproj/LaunchScreen.storyboard; sourceTree = "<group>"; };
		04DB4CFA29AC6B4A00EF30B8 /* Info.plist */ = {isa = PBXFileReference; lastKnownFileType = text.plist.xml; path = Info.plist; sourceTree = "<group>"; };
/* End PBXFileReference section */

/* Begin PBXFrameworksBuildPhase section */
		04DB4CE629AC6B4900EF30B8 /* Frameworks */ = {
			isa = PBXFrameworksBuildPhase;
			buildActionMask = 2147483647;
			files = (
				0467B63D29FA316D009D729A /* IOSGotadiSDK in Frameworks */,
			);
			runOnlyForDeploymentPostprocessing = 0;
		};
/* End PBXFrameworksBuildPhase section */

/* Begin PBXGroup section */
		041AB3E129ADB8F40033F421 /* Packages */ = {
			isa = PBXGroup;
			children = (
				041AB3E229ADB8F40033F421 /* gtd-ios-adapter */,
			);
			name = Packages;
			sourceTree = "<group>";
		};
		04DB4CE029AC6B4900EF30B8 = {
			isa = PBXGroup;
			children = (
				041AB3E129ADB8F40033F421 /* Packages */,
				04DB4CEB29AC6B4900EF30B8 /* TestPacakgeGit */,
				04DB4CEA29AC6B4900EF30B8 /* Products */,
				04DB4D0229AC6D1B00EF30B8 /* Frameworks */,
			);
			sourceTree = "<group>";
		};
		04DB4CEA29AC6B4900EF30B8 /* Products */ = {
			isa = PBXGroup;
			children = (
				04DB4CE929AC6B4900EF30B8 /* TestPacakgeGit.app */,
			);
			name = Products;
			sourceTree = "<group>";
		};
		04DB4CEB29AC6B4900EF30B8 /* TestPacakgeGit */ = {
			isa = PBXGroup;
			children = (
				04DB4CEC29AC6B4900EF30B8 /* AppDelegate.swift */,
				04DB4CEE29AC6B4900EF30B8 /* SceneDelegate.swift */,
				04DB4CF029AC6B4900EF30B8 /* ViewController.swift */,
				046EF53529F539A8009F6352 /* PaymentViewController.swift */,
				04DB4CF229AC6B4900EF30B8 /* Main.storyboard */,
				04DB4CF529AC6B4A00EF30B8 /* Assets.xcassets */,
				04DB4CF729AC6B4A00EF30B8 /* LaunchScreen.storyboard */,
				04DB4CFA29AC6B4A00EF30B8 /* Info.plist */,
			);
			path = TestPacakgeGit;
			sourceTree = "<group>";
		};
		04DB4D0229AC6D1B00EF30B8 /* Frameworks */ = {
			isa = PBXGroup;
			children = (
			);
			name = Frameworks;
			sourceTree = "<group>";
		};
/* End PBXGroup section */

/* Begin PBXNativeTarget section */
		04DB4CE829AC6B4900EF30B8 /* TestPacakgeGit */ = {
			isa = PBXNativeTarget;
			buildConfigurationList = 04DB4CFD29AC6B4A00EF30B8 /* Build configuration list for PBXNativeTarget "TestPacakgeGit" */;
			buildPhases = (
				04DB4CE529AC6B4900EF30B8 /* Sources */,
				04DB4CE629AC6B4900EF30B8 /* Frameworks */,
				04DB4CE729AC6B4900EF30B8 /* Resources */,
			);
			buildRules = (
			);
			dependencies = (
			);
			name = TestPacakgeGit;
			packageProductDependencies = (
				0467B63C29FA316D009D729A /* IOSGotadiSDK */,
			);
			productName = TestPacakgeGit;
			productReference = 04DB4CE929AC6B4900EF30B8 /* TestPacakgeGit.app */;
			productType = "com.apple.product-type.application";
		};
/* End PBXNativeTarget section */

/* Begin PBXProject section */
		04DB4CE129AC6B4900EF30B8 /* Project object */ = {
			isa = PBXProject;
			attributes = {
				BuildIndependentTargetsInParallel = 1;
				LastSwiftUpdateCheck = 1420;
				LastUpgradeCheck = 1430;
				TargetAttributes = {
					04DB4CE829AC6B4900EF30B8 = {
						CreatedOnToolsVersion = 14.2;
					};
				};
			};
			buildConfigurationList = 04DB4CE429AC6B4900EF30B8 /* Build configuration list for PBXProject "TestPacakgeGit" */;
			compatibilityVersion = "Xcode 13.0";
			developmentRegion = en;
			hasScannedForEncodings = 0;
			knownRegions = (
				en,
				Base,
			);
			mainGroup = 04DB4CE029AC6B4900EF30B8;
			packageReferences = (
			);
			productRefGroup = 04DB4CEA29AC6B4900EF30B8 /* Products */;
			projectDirPath = "";
			projectRoot = "";
			targets = (
				04DB4CE829AC6B4900EF30B8 /* TestPacakgeGit */,
			);
		};
/* End PBXProject section */

/* Begin PBXResourcesBuildPhase section */
		04DB4CE729AC6B4900EF30B8 /* Resources */ = {
			isa = PBXResourcesBuildPhase;
			buildActionMask = 2147483647;
			files = (
				04DB4CF929AC6B4A00EF30B8 /* LaunchScreen.storyboard in Resources */,
				04DB4CF629AC6B4A00EF30B8 /* Assets.xcassets in Resources */,
				04DB4CF429AC6B4900EF30B8 /* Main.storyboard in Resources */,
			);
			runOnlyForDeploymentPostprocessing = 0;
		};
/* End PBXResourcesBuildPhase section */

/* Begin PBXSourcesBuildPhase section */
		04DB4CE529AC6B4900EF30B8 /* Sources */ = {
			isa = PBXSourcesBuildPhase;
			buildActionMask = 2147483647;
			files = (
				04DB4CF129AC6B4900EF30B8 /* ViewController.swift in Sources */,
				04DB4CED29AC6B4900EF30B8 /* AppDelegate.swift in Sources */,
				04DB4CEF29AC6B4900EF30B8 /* SceneDelegate.swift in Sources */,
				046EF53629F539A8009F6352 /* PaymentViewController.swift in Sources */,
			);
			runOnlyForDeploymentPostprocessing = 0;
		};
/* End PBXSourcesBuildPhase section */

/* Begin PBXVariantGroup section */
		04DB4CF229AC6B4900EF30B8 /* Main.storyboard */ = {
			isa = PBXVariantGroup;
			children = (
				04DB4CF329AC6B4900EF30B8 /* Base */,
			);
			name = Main.storyboard;
			sourceTree = "<group>";
		};
		04DB4CF729AC6B4A00EF30B8 /* LaunchScreen.storyboard */ = {
			isa = PBXVariantGroup;
			children = (
				04DB4CF829AC6B4A00EF30B8 /* Base */,
			);
			name = LaunchScreen.storyboard;
			sourceTree = "<group>";
		};
/* End PBXVariantGroup section */

/* Begin XCBuildConfiguration section */
		04DB4CFB29AC6B4A00EF30B8 /* Debug */ = {
			isa = XCBuildConfiguration;
			buildSettings = {
				ALWAYS_SEARCH_USER_PATHS = NO;
				CLANG_ANALYZER_NONNULL = YES;
				CLANG_ANALYZER_NUMBER_OBJECT_CONVERSION = YES_AGGRESSIVE;
				CLANG_CXX_LANGUAGE_STANDARD = "gnu++20";
				CLANG_ENABLE_MODULES = YES;
				CLANG_ENABLE_OBJC_ARC = YES;
				CLANG_ENABLE_OBJC_WEAK = YES;
				CLANG_WARN_BLOCK_CAPTURE_AUTORELEASING = YES;
				CLANG_WARN_BOOL_CONVERSION = YES;
				CLANG_WARN_COMMA = YES;
				CLANG_WARN_CONSTANT_CONVERSION = YES;
				CLANG_WARN_DEPRECATED_OBJC_IMPLEMENTATIONS = YES;
				CLANG_WARN_DIRECT_OBJC_ISA_USAGE = YES_ERROR;
				CLANG_WARN_DOCUMENTATION_COMMENTS = YES;
				CLANG_WARN_EMPTY_BODY = YES;
				CLANG_WARN_ENUM_CONVERSION = YES;
				CLANG_WARN_INFINITE_RECURSION = YES;
				CLANG_WARN_INT_CONVERSION = YES;
				CLANG_WARN_NON_LITERAL_NULL_CONVERSION = YES;
				CLANG_WARN_OBJC_IMPLICIT_RETAIN_SELF = YES;
				CLANG_WARN_OBJC_LITERAL_CONVERSION = YES;
				CLANG_WARN_OBJC_ROOT_CLASS = YES_ERROR;
				CLANG_WARN_QUOTED_INCLUDE_IN_FRAMEWORK_HEADER = YES;
				CLANG_WARN_RANGE_LOOP_ANALYSIS = YES;
				CLANG_WARN_STRICT_PROTOTYPES = YES;
				CLANG_WARN_SUSPICIOUS_MOVE = YES;
				CLANG_WARN_UNGUARDED_AVAILABILITY = YES_AGGRESSIVE;
				CLANG_WARN_UNREACHABLE_CODE = YES;
				CLANG_WARN__DUPLICATE_METHOD_MATCH = YES;
				COPY_PHASE_STRIP = NO;
				DEBUG_INFORMATION_FORMAT = dwarf;
				ENABLE_STRICT_OBJC_MSGSEND = YES;
				ENABLE_TESTABILITY = YES;
				GCC_C_LANGUAGE_STANDARD = gnu11;
				GCC_DYNAMIC_NO_PIC = NO;
				GCC_NO_COMMON_BLOCKS = YES;
				GCC_OPTIMIZATION_LEVEL = 0;
				GCC_PREPROCESSOR_DEFINITIONS = (
					"DEBUG=1",
					"$(inherited)",
				);
				GCC_WARN_64_TO_32_BIT_CONVERSION = YES;
				GCC_WARN_ABOUT_RETURN_TYPE = YES_ERROR;
				GCC_WARN_UNDECLARED_SELECTOR = YES;
				GCC_WARN_UNINITIALIZED_AUTOS = YES_AGGRESSIVE;
				GCC_WARN_UNUSED_FUNCTION = YES;
				GCC_WARN_UNUSED_VARIABLE = YES;
				IPHONEOS_DEPLOYMENT_TARGET = 13.0;
				MTL_ENABLE_DEBUG_INFO = INCLUDE_SOURCE;
				MTL_FAST_MATH = YES;
				ONLY_ACTIVE_ARCH = YES;
				SDKROOT = iphoneos;
				SWIFT_ACTIVE_COMPILATION_CONDITIONS = DEBUG;
				SWIFT_OPTIMIZATION_LEVEL = "-Onone";
				SWIFT_VERSION = 4.2;
			};
			name = Debug;
		};
		04DB4CFC29AC6B4A00EF30B8 /* Release */ = {
			isa = XCBuildConfiguration;
			buildSettings = {
				ALWAYS_SEARCH_USER_PATHS = NO;
				CLANG_ANALYZER_NONNULL = YES;
				CLANG_ANALYZER_NUMBER_OBJECT_CONVERSION = YES_AGGRESSIVE;
				CLANG_CXX_LANGUAGE_STANDARD = "gnu++20";
				CLANG_ENABLE_MODULES = YES;
				CLANG_ENABLE_OBJC_ARC = YES;
				CLANG_ENABLE_OBJC_WEAK = YES;
				CLANG_WARN_BLOCK_CAPTURE_AUTORELEASING = YES;
				CLANG_WARN_BOOL_CONVERSION = YES;
				CLANG_WARN_COMMA = YES;
				CLANG_WARN_CONSTANT_CONVERSION = YES;
				CLANG_WARN_DEPRECATED_OBJC_IMPLEMENTATIONS = YES;
				CLANG_WARN_DIRECT_OBJC_ISA_USAGE = YES_ERROR;
				CLANG_WARN_DOCUMENTATION_COMMENTS = YES;
				CLANG_WARN_EMPTY_BODY = YES;
				CLANG_WARN_ENUM_CONVERSION = YES;
				CLANG_WARN_INFINITE_RECURSION = YES;
				CLANG_WARN_INT_CONVERSION = YES;
				CLANG_WARN_NON_LITERAL_NULL_CONVERSION = YES;
				CLANG_WARN_OBJC_IMPLICIT_RETAIN_SELF = YES;
				CLANG_WARN_OBJC_LITERAL_CONVERSION = YES;
				CLANG_WARN_OBJC_ROOT_CLASS = YES_ERROR;
				CLANG_WARN_QUOTED_INCLUDE_IN_FRAMEWORK_HEADER = YES;
				CLANG_WARN_RANGE_LOOP_ANALYSIS = YES;
				CLANG_WARN_STRICT_PROTOTYPES = YES;
				CLANG_WARN_SUSPICIOUS_MOVE = YES;
				CLANG_WARN_UNGUARDED_AVAILABILITY = YES_AGGRESSIVE;
				CLANG_WARN_UNREACHABLE_CODE = YES;
				CLANG_WARN__DUPLICATE_METHOD_MATCH = YES;
				COPY_PHASE_STRIP = NO;
				DEBUG_INFORMATION_FORMAT = "dwarf-with-dsym";
				ENABLE_NS_ASSERTIONS = NO;
				ENABLE_STRICT_OBJC_MSGSEND = YES;
				GCC_C_LANGUAGE_STANDARD = gnu11;
				GCC_NO_COMMON_BLOCKS = YES;
				GCC_WARN_64_TO_32_BIT_CONVERSION = YES;
				GCC_WARN_ABOUT_RETURN_TYPE = YES_ERROR;
				GCC_WARN_UNDECLARED_SELECTOR = YES;
				GCC_WARN_UNINITIALIZED_AUTOS = YES_AGGRESSIVE;
				GCC_WARN_UNUSED_FUNCTION = YES;
				GCC_WARN_UNUSED_VARIABLE = YES;
				IPHONEOS_DEPLOYMENT_TARGET = 13.0;
				MTL_ENABLE_DEBUG_INFO = NO;
				MTL_FAST_MATH = YES;
				SDKROOT = iphoneos;
				SWIFT_COMPILATION_MODE = wholemodule;
				SWIFT_OPTIMIZATION_LEVEL = "-O";
				SWIFT_VERSION = 4.2;
				VALIDATE_PRODUCT = YES;
			};
			name = Release;
		};
		04DB4CFE29AC6B4A00EF30B8 /* Debug */ = {
			isa = XCBuildConfiguration;
			buildSettings = {
				ASSETCATALOG_COMPILER_APPICON_NAME = AppIcon;
				ASSETCATALOG_COMPILER_GLOBAL_ACCENT_COLOR_NAME = AccentColor;
				CODE_SIGN_STYLE = Automatic;
				CURRENT_PROJECT_VERSION = 1;
				DEVELOPMENT_TEAM = BQ3WYH6J88;
				GENERATE_INFOPLIST_FILE = YES;
				INFOPLIST_FILE = TestPacakgeGit/Info.plist;
				INFOPLIST_KEY_UIApplicationSupportsIndirectInputEvents = YES;
				INFOPLIST_KEY_UILaunchStoryboardName = LaunchScreen;
				INFOPLIST_KEY_UIMainStoryboardFile = Main;
				INFOPLIST_KEY_UISupportedInterfaceOrientations_iPad = "UIInterfaceOrientationPortrait UIInterfaceOrientationPortraitUpsideDown UIInterfaceOrientationLandscapeLeft UIInterfaceOrientationLandscapeRight";
				INFOPLIST_KEY_UISupportedInterfaceOrientations_iPhone = "UIInterfaceOrientationPortrait UIInterfaceOrientationLandscapeLeft UIInterfaceOrientationLandscapeRight";
				IPHONEOS_DEPLOYMENT_TARGET = 11.0;
				LD_RUNPATH_SEARCH_PATHS = (
					"$(inherited)",
					"@executable_path/Frameworks",
				);
				MARKETING_VERSION = 1.0;
				PRODUCT_BUNDLE_IDENTIFIER = com.gotadi.TestPacakgeGit;
				PRODUCT_NAME = "$(TARGET_NAME)";
				SWIFT_EMIT_LOC_STRINGS = YES;
				SWIFT_VERSION = 5.0;
				TARGETED_DEVICE_FAMILY = "1,2";
			};
			name = Debug;
		};
		04DB4CFF29AC6B4A00EF30B8 /* Release */ = {
			isa = XCBuildConfiguration;
			buildSettings = {
				ASSETCATALOG_COMPILER_APPICON_NAME = AppIcon;
				ASSETCATALOG_COMPILER_GLOBAL_ACCENT_COLOR_NAME = AccentColor;
				CODE_SIGN_STYLE = Automatic;
				CURRENT_PROJECT_VERSION = 1;
				DEVELOPMENT_TEAM = BQ3WYH6J88;
				GENERATE_INFOPLIST_FILE = YES;
				INFOPLIST_FILE = TestPacakgeGit/Info.plist;
				INFOPLIST_KEY_UIApplicationSupportsIndirectInputEvents = YES;
				INFOPLIST_KEY_UILaunchStoryboardName = LaunchScreen;
				INFOPLIST_KEY_UIMainStoryboardFile = Main;
				INFOPLIST_KEY_UISupportedInterfaceOrientations_iPad = "UIInterfaceOrientationPortrait UIInterfaceOrientationPortraitUpsideDown UIInterfaceOrientationLandscapeLeft UIInterfaceOrientationLandscapeRight";
				INFOPLIST_KEY_UISupportedInterfaceOrientations_iPhone = "UIInterfaceOrientationPortrait UIInterfaceOrientationLandscapeLeft UIInterfaceOrientationLandscapeRight";
				IPHONEOS_DEPLOYMENT_TARGET = 11.0;
				"IPHONEOS_DEPLOYMENT_TARGET[sdk=iphoneos*]" = 10.0;
				LD_RUNPATH_SEARCH_PATHS = (
					"$(inherited)",
					"@executable_path/Frameworks",
				);
				MARKETING_VERSION = 1.0;
				ONLY_ACTIVE_ARCH = YES;
				PRODUCT_BUNDLE_IDENTIFIER = com.gotadi.TestPacakgeGit;
				PRODUCT_NAME = "$(TARGET_NAME)";
				SWIFT_EMIT_LOC_STRINGS = YES;
				SWIFT_VERSION = 5.0;
				TARGETED_DEVICE_FAMILY = "1,2";
			};
			name = Release;
		};
/* End XCBuildConfiguration section */

/* Begin XCConfigurationList section */
		04DB4CE429AC6B4900EF30B8 /* Build configuration list for PBXProject "TestPacakgeGit" */ = {
			isa = XCConfigurationList;
			buildConfigurations = (
				04DB4CFB29AC6B4A00EF30B8 /* Debug */,
				04DB4CFC29AC6B4A00EF30B8 /* Release */,
			);
			defaultConfigurationIsVisible = 0;
			defaultConfigurationName = Release;
		};
		04DB4CFD29AC6B4A00EF30B8 /* Build configuration list for PBXNativeTarget "TestPacakgeGit" */ = {
			isa = XCConfigurationList;
			buildConfigurations = (
				04DB4CFE29AC6B4A00EF30B8 /* Debug */,
				04DB4CFF29AC6B4A00EF30B8 /* Release */,
			);
			defaultConfigurationIsVisible = 0;
			defaultConfigurationName = Release;
		};
/* End XCConfigurationList section */

/* Begin XCSwiftPackageProductDependency section */
		0467B63C29FA316D009D729A /* IOSGotadiSDK */ = {
			isa = XCSwiftPackageProductDependency;
			productName = IOSGotadiSDK;
		};
/* End XCSwiftPackageProductDependency section */
	};
	rootObject = 04DB4CE129AC6B4900EF30B8 /* Project object */;
}
